// !$*UTF8*$!
{
	archiveVersion = 1;
	classes = {
	};
	objectVersion = 50;
	objects = {

/* Begin PBXBuildFile section */
		DE89F80023E02F7D004CC616 /* AppDelegate.swift in Sources */ = {isa = PBXBuildFile; fileRef = DE89F7FF23E02F7D004CC616 /* AppDelegate.swift */; };
		DE89F80223E02F7D004CC616 /* SceneDelegate.swift in Sources */ = {isa = PBXBuildFile; fileRef = DE89F80123E02F7D004CC616 /* SceneDelegate.swift */; };
		DE89F80423E02F7D004CC616 /* ContentView.swift in Sources */ = {isa = PBXBuildFile; fileRef = DE89F80323E02F7D004CC616 /* ContentView.swift */; };
		DE89F80623E02F7E004CC616 /* Assets.xcassets in Resources */ = {isa = PBXBuildFile; fileRef = DE89F80523E02F7E004CC616 /* Assets.xcassets */; };
		DE89F80923E02F7E004CC616 /* Preview Assets.xcassets in Resources */ = {isa = PBXBuildFile; fileRef = DE89F80823E02F7E004CC616 /* Preview Assets.xcassets */; };
		DE89F80C23E02F7E004CC616 /* LaunchScreen.storyboard in Resources */ = {isa = PBXBuildFile; fileRef = DE89F80A23E02F7E004CC616 /* LaunchScreen.storyboard */; };
		DE89F81423E02FA8004CC616 /* Movie.swift in Sources */ = {isa = PBXBuildFile; fileRef = DE89F81323E02FA8004CC616 /* Movie.swift */; };
		DE89F81623E02FCA004CC616 /* MovieModel.swift in Sources */ = {isa = PBXBuildFile; fileRef = DE89F81523E02FCA004CC616 /* MovieModel.swift */; };
		DE89F81823E0312C004CC616 /* MovieRow.swift in Sources */ = {isa = PBXBuildFile; fileRef = DE89F81723E0312C004CC616 /* MovieRow.swift */; };
/* End PBXBuildFile section */

/* Begin PBXFileReference section */
		DE89F7FC23E02F7D004CC616 /* MovieList.app */ = {isa = PBXFileReference; explicitFileType = wrapper.application; includeInIndex = 0; path = MovieList.app; sourceTree = BUILT_PRODUCTS_DIR; };
		DE89F7FF23E02F7D004CC616 /* AppDelegate.swift */ = {isa = PBXFileReference; lastKnownFileType = sourcecode.swift; path = AppDelegate.swift; sourceTree = "<group>"; };
		DE89F80123E02F7D004CC616 /* SceneDelegate.swift */ = {isa = PBXFileReference; lastKnownFileType = sourcecode.swift; path = SceneDelegate.swift; sourceTree = "<group>"; };
		DE89F80323E02F7D004CC616 /* ContentView.swift */ = {isa = PBXFileReference; lastKnownFileType = sourcecode.swift; path = ContentView.swift; sourceTree = "<group>"; };
		DE89F80523E02F7E004CC616 /* Assets.xcassets */ = {isa = PBXFileReference; lastKnownFileType = folder.assetcatalog; path = Assets.xcassets; sourceTree = "<group>"; };
		DE89F80823E02F7E004CC616 /* Preview Assets.xcassets */ = {isa = PBXFileReference; lastKnownFileType = folder.assetcatalog; path = "Preview Assets.xcassets"; sourceTree = "<group>"; };
		DE89F80B23E02F7E004CC616 /* Base */ = {isa = PBXFileReference; lastKnownFileType = file.storyboard; name = Base; path = Base.lproj/LaunchScreen.storyboard; sourceTree = "<group>"; };
		DE89F80D23E02F7E004CC616 /* Info.plist */ = {isa = PBXFileReference; lastKnownFileType = text.plist.xml; path = Info.plist; sourceTree = "<group>"; };
		DE89F81323E02FA8004CC616 /* Movie.swift */ = {isa = PBXFileReference; lastKnownFileType = sourcecode.swift; path = Movie.swift; sourceTree = "<group>"; };
		DE89F81523E02FCA004CC616 /* MovieModel.swift */ = {isa = PBXFileReference; lastKnownFileType = sourcecode.swift; path = MovieModel.swift; sourceTree = "<group>"; };
		DE89F81723E0312C004CC616 /* MovieRow.swift */ = {isa = PBXFileReference; lastKnownFileType = sourcecode.swift; path = MovieRow.swift; sourceTree = "<group>"; };
/* End PBXFileReference section */

/* Begin PBXFrameworksBuildPhase section */
		DE89F7F923E02F7D004CC616 /* Frameworks */ = {
			isa = PBXFrameworksBuildPhase;
			buildActionMask = 2147483647;
			files = (
			);
			runOnlyForDeploymentPostprocessing = 0;
		};
/* End PBXFrameworksBuildPhase section */

/* Begin PBXGroup section */
		DE89F7F323E02F7D004CC616 = {
			isa = PBXGroup;
			children = (
				DE89F7FE23E02F7D004CC616 /* MovieList */,
				DE89F7FD23E02F7D004CC616 /* Products */,
			);
			sourceTree = "<group>";
		};
		DE89F7FD23E02F7D004CC616 /* Products */ = {
			isa = PBXGroup;
			children = (
				DE89F7FC23E02F7D004CC616 /* MovieList.app */,
			);
			name = Products;
			sourceTree = "<group>";
		};
		DE89F7FE23E02F7D004CC616 /* MovieList */ = {
			isa = PBXGroup;
			children = (
				DE89F7FF23E02F7D004CC616 /* AppDelegate.swift */,
				DE89F80123E02F7D004CC616 /* SceneDelegate.swift */,
				DE89F80323E02F7D004CC616 /* ContentView.swift */,
				DE89F80523E02F7E004CC616 /* Assets.xcassets */,
				DE89F81323E02FA8004CC616 /* Movie.swift */,
				DE89F81523E02FCA004CC616 /* MovieModel.swift */,
				DE89F80A23E02F7E004CC616 /* LaunchScreen.storyboard */,
				DE89F80D23E02F7E004CC616 /* Info.plist */,
				DE89F80723E02F7E004CC616 /* Preview Content */,
				DE89F81723E0312C004CC616 /* MovieRow.swift */,
			);
			path = MovieList;
			sourceTree = "<group>";
		};
		DE89F80723E02F7E004CC616 /* Preview Content */ = {
			isa = PBXGroup;
			children = (
				DE89F80823E02F7E004CC616 /* Preview Assets.xcassets */,
			);
			path = "Preview Content";
			sourceTree = "<group>";
		};
/* End PBXGroup section */

/* Begin PBXNativeTarget section */
		DE89F7FB23E02F7D004CC616 /* MovieList */ = {
			isa = PBXNativeTarget;
			buildConfigurationList = DE89F81023E02F7E004CC616 /* Build configuration list for PBXNativeTarget "MovieList" */;
			buildPhases = (
				DE89F7F823E02F7D004CC616 /* Sources */,
				DE89F7F923E02F7D004CC616 /* Frameworks */,
				DE89F7FA23E02F7D004CC616 /* Resources */,
			);
			buildRules = (
			);
			dependencies = (
			);
			name = MovieList;
			productName = MovieList;
			productReference = DE89F7FC23E02F7D004CC616 /* MovieList.app */;
			productType = "com.apple.product-type.application";
		};
/* End PBXNativeTarget section */

/* Begin PBXProject section */
		DE89F7F423E02F7D004CC616 /* Project object */ = {
			isa = PBXProject;
			attributes = {
				LastSwiftUpdateCheck = 1130;
				LastUpgradeCheck = 1130;
				ORGANIZATIONNAME = "fhnw mobile workshop";
				TargetAttributes = {
					DE89F7FB23E02F7D004CC616 = {
						CreatedOnToolsVersion = 11.3.1;
					};
				};
			};
			buildConfigurationList = DE89F7F723E02F7D004CC616 /* Build configuration list for PBXProject "MovieList" */;
			compatibilityVersion = "Xcode 9.3";
			developmentRegion = en;
			hasScannedForEncodings = 0;
			knownRegions = (
				en,
				Base,
			);
			mainGroup = DE89F7F323E02F7D004CC616;
			productRefGroup = DE89F7FD23E02F7D004CC616 /* Products */;
			projectDirPath = "";
			projectRoot = "";
			targets = (
				DE89F7FB23E02F7D004CC616 /* MovieList */,
			);
		};
/* End PBXProject section */

/* Begin PBXResourcesBuildPhase section */
		DE89F7FA23E02F7D004CC616 /* Resources */ = {
			isa = PBXResourcesBuildPhase;
			buildActionMask = 2147483647;
			files = (
				DE89F80C23E02F7E004CC616 /* LaunchScreen.storyboard in Resources */,
				DE89F80923E02F7E004CC616 /* Preview Assets.xcassets in Resources */,
				DE89F80623E02F7E004CC616 /* Assets.xcassets in Resources */,
			);
			runOnlyForDeploymentPostprocessing = 0;
		};
/* End PBXResourcesBuildPhase section */

/* Begin PBXSourcesBuildPhase section */
		DE89F7F823E02F7D004CC616 /* Sources */ = {
			isa = PBXSourcesBuildPhase;
			buildActionMask = 2147483647;
			files = (
				DE89F80023E02F7D004CC616 /* AppDelegate.swift in Sources */,
				DE89F81823E0312C004CC616 /* MovieRow.swift in Sources */,
				DE89F80223E02F7D004CC616 /* SceneDelegate.swift in Sources */,
				DE89F81623E02FCA004CC616 /* MovieModel.swift in Sources */,
				DE89F81423E02FA8004CC616 /* Movie.swift in Sources */,
				DE89F80423E02F7D004CC616 /* ContentView.swift in Sources */,
			);
			runOnlyForDeploymentPostprocessing = 0;
		};
/* End PBXSourcesBuildPhase section */

/* Begin PBXVariantGroup section */
		DE89F80A23E02F7E004CC616 /* LaunchScreen.storyboard */ = {
			isa = PBXVariantGroup;
			children = (
				DE89F80B23E02F7E004CC616 /* Base */,
			);
			name = LaunchScreen.storyboard;
			sourceTree = "<group>";
		};
/* End PBXVariantGroup section */

/* Begin XCBuildConfiguration section */
		DE89F80E23E02F7E004CC616 /* Debug */ = {
			isa = XCBuildConfiguration;
			buildSettings = {
				ALWAYS_SEARCH_USER_PATHS = NO;
				CLANG_ANALYZER_NONNULL = YES;
				CLANG_ANALYZER_NUMBER_OBJECT_CONVERSION = YES_AGGRESSIVE;
				CLANG_CXX_LANGUAGE_STANDARD = "gnu++14";
				CLANG_CXX_LIBRARY = "libc++";
				CLANG_ENABLE_MODULES = YES;
				CLANG_ENABLE_OBJC_ARC = YES;
				CLANG_ENABLE_OBJC_WEAK = YES;
				CLANG_WARN_BLOCK_CAPTURE_AUTORELEASING = YES;
				CLANG_WARN_BOOL_CONVERSION = YES;
				CLANG_WARN_COMMA = YES;
				CLANG_WARN_CONSTANT_CONVERSION = YES;
				CLANG_WARN_DEPRECATED_OBJC_IMPLEMENTATIONS = YES;
				CLANG_WARN_DIRECT_OBJC_ISA_USAGE = YES_ERROR;
				CLANG_WARN_DOCUMENTATION_COMMENTS = YES;
				CLANG_WARN_EMPTY_BODY = YES;
				CLANG_WARN_ENUM_CONVERSION = YES;
				CLANG_WARN_INFINITE_RECURSION = YES;
				CLANG_WARN_INT_CONVERSION = YES;
				CLANG_WARN_NON_LITERAL_NULL_CONVERSION = YES;
				CLANG_WARN_OBJC_IMPLICIT_RETAIN_SELF = YES;
				CLANG_WARN_OBJC_LITERAL_CONVERSION = YES;
				CLANG_WARN_OBJC_ROOT_CLASS = YES_ERROR;
				CLANG_WARN_RANGE_LOOP_ANALYSIS = YES;
				CLANG_WARN_STRICT_PROTOTYPES = YES;
				CLANG_WARN_SUSPICIOUS_MOVE = YES;
				CLANG_WARN_UNGUARDED_AVAILABILITY = YES_AGGRESSIVE;
				CLANG_WARN_UNREACHABLE_CODE = YES;
				CLANG_WARN__DUPLICATE_METHOD_MATCH = YES;
				COPY_PHASE_STRIP = NO;
				DEBUG_INFORMATION_FORMAT = dwarf;
				ENABLE_STRICT_OBJC_MSGSEND = YES;
				ENABLE_TESTABILITY = YES;
				GCC_C_LANGUAGE_STANDARD = gnu11;
				GCC_DYNAMIC_NO_PIC = NO;
				GCC_NO_COMMON_BLOCKS = YES;
				GCC_OPTIMIZATION_LEVEL = 0;
				GCC_PREPROCESSOR_DEFINITIONS = (
					"DEBUG=1",
					"$(inherited)",
				);
				GCC_WARN_64_TO_32_BIT_CONVERSION = YES;
				GCC_WARN_ABOUT_RETURN_TYPE = YES_ERROR;
				GCC_WARN_UNDECLARED_SELECTOR = YES;
				GCC_WARN_UNINITIALIZED_AUTOS = YES_AGGRESSIVE;
				GCC_WARN_UNUSED_FUNCTION = YES;
				GCC_WARN_UNUSED_VARIABLE = YES;
				IPHONEOS_DEPLOYMENT_TARGET = 13.2;
				MTL_ENABLE_DEBUG_INFO = INCLUDE_SOURCE;
				MTL_FAST_MATH = YES;
				ONLY_ACTIVE_ARCH = YES;
				SDKROOT = iphoneos;
				SWIFT_ACTIVE_COMPILATION_CONDITIONS = DEBUG;
				SWIFT_OPTIMIZATION_LEVEL = "-Onone";
			};
			name = Debug;
		};
		DE89F80F23E02F7E004CC616 /* Release */ = {
			isa = XCBuildConfiguration;
			buildSettings = {
				ALWAYS_SEARCH_USER_PATHS = NO;
				CLANG_ANALYZER_NONNULL = YES;
				CLANG_ANALYZER_NUMBER_OBJECT_CONVERSION = YES_AGGRESSIVE;
				CLANG_CXX_LANGUAGE_STANDARD = "gnu++14";
				CLANG_CXX_LIBRARY = "libc++";
				CLANG_ENABLE_MODULES = YES;
				CLANG_ENABLE_OBJC_ARC = YES;
				CLANG_ENABLE_OBJC_WEAK = YES;
				CLANG_WARN_BLOCK_CAPTURE_AUTORELEASING = YES;
				CLANG_WARN_BOOL_CONVERSION = YES;
				CLANG_WARN_COMMA = YES;
				CLANG_WARN_CONSTANT_CONVERSION = YES;
				CLANG_WARN_DEPRECATED_OBJC_IMPLEMENTATIONS = YES;
				CLANG_WARN_DIRECT_OBJC_ISA_USAGE = YES_ERROR;
				CLANG_WARN_DOCUMENTATION_COMMENTS = YES;
				CLANG_WARN_EMPTY_BODY = YES;
				CLANG_WARN_ENUM_CONVERSION = YES;
				CLANG_WARN_INFINITE_RECURSION = YES;
				CLANG_WARN_INT_CONVERSION = YES;
				CLANG_WARN_NON_LITERAL_NULL_CONVERSION = YES;
				CLANG_WARN_OBJC_IMPLICIT_RETAIN_SELF = YES;
				CLANG_WARN_OBJC_LITERAL_CONVERSION = YES;
				CLANG_WARN_OBJC_ROOT_CLASS = YES_ERROR;
				CLANG_WARN_RANGE_LOOP_ANALYSIS = YES;
				CLANG_WARN_STRICT_PROTOTYPES = YES;
				CLANG_WARN_SUSPICIOUS_MOVE = YES;
				CLANG_WARN_UNGUARDED_AVAILABILITY = YES_AGGRESSIVE;
				CLANG_WARN_UNREACHABLE_CODE = YES;
				CLANG_WARN__DUPLICATE_METHOD_MATCH = YES;
				COPY_PHASE_STRIP = NO;
				DEBUG_INFORMATION_FORMAT = "dwarf-with-dsym";
				ENABLE_NS_ASSERTIONS = NO;
				ENABLE_STRICT_OBJC_MSGSEND = YES;
				GCC_C_LANGUAGE_STANDARD = gnu11;
				GCC_NO_COMMON_BLOCKS = YES;
				GCC_WARN_64_TO_32_BIT_CONVERSION = YES;
				GCC_WARN_ABOUT_RETURN_TYPE = YES_ERROR;
				GCC_WARN_UNDECLARED_SELECTOR = YES;
				GCC_WARN_UNINITIALIZED_AUTOS = YES_AGGRESSIVE;
				GCC_WARN_UNUSED_FUNCTION = YES;
				GCC_WARN_UNUSED_VARIABLE = YES;
				IPHONEOS_DEPLOYMENT_TARGET = 13.2;
				MTL_ENABLE_DEBUG_INFO = NO;
				MTL_FAST_MATH = YES;
				SDKROOT = iphoneos;
				SWIFT_COMPILATION_MODE = wholemodule;
				SWIFT_OPTIMIZATION_LEVEL = "-O";
				VALIDATE_PRODUCT = YES;
			};
			name = Release;
		};
		DE89F81123E02F7E004CC616 /* Debug */ = {
			isa = XCBuildConfiguration;
			buildSettings = {
				ASSETCATALOG_COMPILER_APPICON_NAME = AppIcon;
				CODE_SIGN_STYLE = Automatic;
				DEVELOPMENT_ASSET_PATHS = "\"MovieList/Preview Content\"";
				DEVELOPMENT_TEAM = 8R3HQQHSHQ;
				ENABLE_PREVIEWS = YES;
				INFOPLIST_FILE = MovieList/Info.plist;
				LD_RUNPATH_SEARCH_PATHS = (
					"$(inherited)",
					"@executable_path/Frameworks",
				);
				PRODUCT_BUNDLE_IDENTIFIER = com.fhnw.mobileworkshop.MovieList;
				PRODUCT_NAME = "$(TARGET_NAME)";
				SWIFT_VERSION = 5.0;
				TARGETED_DEVICE_FAMILY = "1,2";
			};
			name = Debug;
		};
		DE89F81223E02F7E004CC616 /* Release */ = {
			isa = XCBuildConfiguration;
			buildSettings = {
				ASSETCATALOG_COMPILER_APPICON_NAME = AppIcon;
				CODE_SIGN_STYLE = Automatic;
				DEVELOPMENT_ASSET_PATHS = "\"MovieList/Preview Content\"";
				DEVELOPMENT_TEAM = 8R3HQQHSHQ;
				ENABLE_PREVIEWS = YES;
				INFOPLIST_FILE = MovieList/Info.plist;
				LD_RUNPATH_SEARCH_PATHS = (
					"$(inherited)",
					"@executable_path/Frameworks",
				);
				PRODUCT_BUNDLE_IDENTIFIER = com.fhnw.mobileworkshop.MovieList;
				PRODUCT_NAME = "$(TARGET_NAME)";
				SWIFT_VERSION = 5.0;
				TARGETED_DEVICE_FAMILY = "1,2";
			};
			name = Release;
		};
/* End XCBuildConfiguration section */

/* Begin XCConfigurationList section */
		DE89F7F723E02F7D004CC616 /* Build configuration list for PBXProject "MovieList" */ = {
			isa = XCConfigurationList;
			buildConfigurations = (
				DE89F80E23E02F7E004CC616 /* Debug */,
				DE89F80F23E02F7E004CC616 /* Release */,
			);
			defaultConfigurationIsVisible = 0;
			defaultConfigurationName = Release;
		};
		DE89F81023E02F7E004CC616 /* Build configuration list for PBXNativeTarget "MovieList" */ = {
			isa = XCConfigurationList;
			buildConfigurations = (
				DE89F81123E02F7E004CC616 /* Debug */,
				DE89F81223E02F7E004CC616 /* Release */,
			);
			defaultConfigurationIsVisible = 0;
			defaultConfigurationName = Release;
		};
/* End XCConfigurationList section */
	};
	rootObject = DE89F7F423E02F7D004CC616 /* Project object */;
}
